// !$*UTF8*$!
{
	archiveVersion = 1;
	classes = {
	};
	objectVersion = 56;
	objects = {

/* Begin PBXBuildFile section */
		8F2CAD7A2A77CDAC00C930C9 /* Assets.xcassets in Resources */ = {isa = PBXBuildFile; fileRef = 8F2CAD792A77CDAC00C930C9 /* Assets.xcassets */; };
		8F2CAD7D2A77CDAC00C930C9 /* LaunchScreen.storyboard in Resources */ = {isa = PBXBuildFile; fileRef = 8F2CAD7B2A77CDAC00C930C9 /* LaunchScreen.storyboard */; };
/* End PBXBuildFile section */

/* Begin PBXFileReference section */
		8F2CAD6A2A77CDAB00C930C9 /* To do list objc.app */ = {isa = PBXFileReference; explicitFileType = wrapper.application; includeInIndex = 0; path = "To do list objc.app"; sourceTree = BUILT_PRODUCTS_DIR; };
		8F2CAD6D2A77CDAB00C930C9 /* AppDelegate.h */ = {isa = PBXFileReference; lastKnownFileType = sourcecode.c.h; path = AppDelegate.h; sourceTree = "<group>"; };
		8F2CAD6E2A77CDAB00C930C9 /* AppDelegate.m */ = {isa = PBXFileReference; lastKnownFileType = sourcecode.c.objc; path = AppDelegate.m; sourceTree = "<group>"; };
		8F2CAD702A77CDAB00C930C9 /* SceneDelegate.h */ = {isa = PBXFileReference; lastKnownFileType = sourcecode.c.h; path = SceneDelegate.h; sourceTree = "<group>"; };
		8F2CAD712A77CDAB00C930C9 /* SceneDelegate.m */ = {isa = PBXFileReference; lastKnownFileType = sourcecode.c.objc; path = SceneDelegate.m; sourceTree = "<group>"; };
		8F2CAD732A77CDAB00C930C9 /* MainScreenViewController.h */ = {isa = PBXFileReference; lastKnownFileType = sourcecode.c.h; path = MainScreenViewController.h; sourceTree = "<group>"; };
		8F2CAD742A77CDAB00C930C9 /* MainScreenViewController.m */ = {isa = PBXFileReference; lastKnownFileType = sourcecode.c.objc; path = MainScreenViewController.m; sourceTree = "<group>"; };
		8F2CAD792A77CDAC00C930C9 /* Assets.xcassets */ = {isa = PBXFileReference; lastKnownFileType = folder.assetcatalog; path = Assets.xcassets; sourceTree = "<group>"; };
		8F2CAD7C2A77CDAC00C930C9 /* Base */ = {isa = PBXFileReference; lastKnownFileType = file.storyboard; name = Base; path = Base.lproj/LaunchScreen.storyboard; sourceTree = "<group>"; };
		8F2CAD7E2A77CDAC00C930C9 /* Info.plist */ = {isa = PBXFileReference; lastKnownFileType = text.plist.xml; path = Info.plist; sourceTree = "<group>"; };
		8F2CAD7F2A77CDAC00C930C9 /* main.m */ = {isa = PBXFileReference; lastKnownFileType = sourcecode.c.objc; path = main.m; sourceTree = "<group>"; };
		8F2CAD882A77CFA000C930C9 /* MainScreenViewPresenter.h */ = {isa = PBXFileReference; lastKnownFileType = sourcecode.c.h; path = MainScreenViewPresenter.h; sourceTree = "<group>"; };
		8F2CAD892A77CFB300C930C9 /* MainScreenViewPresenter.m */ = {isa = PBXFileReference; lastKnownFileType = sourcecode.c.objc; path = MainScreenViewPresenter.m; sourceTree = "<group>"; };
		8F2CAD8B2A77D71F00C930C9 /* CustomCell.m */ = {isa = PBXFileReference; lastKnownFileType = sourcecode.c.objc; path = CustomCell.m; sourceTree = "<group>"; };
		8F2CAD8D2A77D73000C930C9 /* CustomCell.h */ = {isa = PBXFileReference; lastKnownFileType = sourcecode.c.h; path = CustomCell.h; sourceTree = "<group>"; };
		8F49B2C62A79582E008FE51B /* NoteModel.h */ = {isa = PBXFileReference; lastKnownFileType = sourcecode.c.h; path = NoteModel.h; sourceTree = "<group>"; };
		8F49B2C72A795837008FE51B /* NoteModel.m */ = {isa = PBXFileReference; lastKnownFileType = sourcecode.c.objc; path = NoteModel.m; sourceTree = "<group>"; };
		8F49B2CA2A796455008FE51B /* InDetailCollectionViewController.h */ = {isa = PBXFileReference; lastKnownFileType = sourcecode.c.h; path = InDetailCollectionViewController.h; sourceTree = "<group>"; };
		8F49B2CB2A796455008FE51B /* InDetailCollectionViewController.m */ = {isa = PBXFileReference; lastKnownFileType = sourcecode.c.objc; path = InDetailCollectionViewController.m; sourceTree = "<group>"; };
		8F49B2CD2A7965F1008FE51B /* InDetailCollectionViewCell.h */ = {isa = PBXFileReference; lastKnownFileType = sourcecode.c.h; path = InDetailCollectionViewCell.h; sourceTree = "<group>"; };
		8F49B2CE2A7965F1008FE51B /* InDetailCollectionViewCell.m */ = {isa = PBXFileReference; lastKnownFileType = sourcecode.c.objc; path = InDetailCollectionViewCell.m; sourceTree = "<group>"; };
/* End PBXFileReference section */

/* Begin PBXFrameworksBuildPhase section */
		8F2CAD672A77CDAB00C930C9 /* Frameworks */ = {
			isa = PBXFrameworksBuildPhase;
			buildActionMask = 2147483647;
			files = (
			);
			runOnlyForDeploymentPostprocessing = 0;
		};
/* End PBXFrameworksBuildPhase section */

/* Begin PBXGroup section */
		8F2CAD612A77CDAB00C930C9 = {
			isa = PBXGroup;
			children = (
				8F2CAD6C2A77CDAB00C930C9 /* To do list objc */,
				8F2CAD6B2A77CDAB00C930C9 /* Products */,
			);
			sourceTree = "<group>";
		};
		8F2CAD6B2A77CDAB00C930C9 /* Products */ = {
			isa = PBXGroup;
			children = (
				8F2CAD6A2A77CDAB00C930C9 /* To do list objc.app */,
			);
			name = Products;
			sourceTree = "<group>";
		};
		8F2CAD6C2A77CDAB00C930C9 /* To do list objc */ = {
			isa = PBXGroup;
			children = (
				8F2CAD872A77CDDC00C930C9 /* MainScreen */,
				8F49B2C92A796414008FE51B /* InDetailScreen */,
				8F2CAD862A77CDB400C930C9 /* App */,
				8F2CAD7E2A77CDAC00C930C9 /* Info.plist */,
			);
			path = "To do list objc";
			sourceTree = "<group>";
		};
		8F2CAD862A77CDB400C930C9 /* App */ = {
			isa = PBXGroup;
			children = (
				8F2CAD7B2A77CDAC00C930C9 /* LaunchScreen.storyboard */,
				8F2CAD792A77CDAC00C930C9 /* Assets.xcassets */,
				8F2CAD7F2A77CDAC00C930C9 /* main.m */,
				8F2CAD6D2A77CDAB00C930C9 /* AppDelegate.h */,
				8F2CAD6E2A77CDAB00C930C9 /* AppDelegate.m */,
				8F2CAD702A77CDAB00C930C9 /* SceneDelegate.h */,
				8F2CAD712A77CDAB00C930C9 /* SceneDelegate.m */,
			);
			path = App;
			sourceTree = "<group>";
		};
		8F2CAD872A77CDDC00C930C9 /* MainScreen */ = {
			isa = PBXGroup;
			children = (
				8F2CAD732A77CDAB00C930C9 /* MainScreenViewController.h */,
				8F2CAD742A77CDAB00C930C9 /* MainScreenViewController.m */,
				8F2CAD882A77CFA000C930C9 /* MainScreenViewPresenter.h */,
				8F2CAD892A77CFB300C930C9 /* MainScreenViewPresenter.m */,
				8F2CAD8D2A77D73000C930C9 /* CustomCell.h */,
				8F2CAD8B2A77D71F00C930C9 /* CustomCell.m */,
				8F49B2C62A79582E008FE51B /* NoteModel.h */,
				8F49B2C72A795837008FE51B /* NoteModel.m */,
			);
			path = MainScreen;
			sourceTree = "<group>";
		};
		8F49B2C92A796414008FE51B /* InDetailScreen */ = {
			isa = PBXGroup;
			children = (
				8F49B2CA2A796455008FE51B /* InDetailCollectionViewController.h */,
				8F49B2CB2A796455008FE51B /* InDetailCollectionViewController.m */,
				8F49B2CD2A7965F1008FE51B /* InDetailCollectionViewCell.h */,
				8F49B2CE2A7965F1008FE51B /* InDetailCollectionViewCell.m */,
			);
			path = InDetailScreen;
			sourceTree = "<group>";
		};
/* End PBXGroup section */

/* Begin PBXNativeTarget section */
		8F2CAD692A77CDAB00C930C9 /* To do list objc */ = {
			isa = PBXNativeTarget;
			buildConfigurationList = 8F2CAD832A77CDAC00C930C9 /* Build configuration list for PBXNativeTarget "To do list objc" */;
			buildPhases = (
				8F2CAD672A77CDAB00C930C9 /* Frameworks */,
				8F2CAD682A77CDAB00C930C9 /* Resources */,
			);
			buildRules = (
			);
			dependencies = (
			);
			name = "To do list objc";
			productName = "To do list objc";
			productReference = 8F2CAD6A2A77CDAB00C930C9 /* To do list objc.app */;
			productType = "com.apple.product-type.application";
		};
/* End PBXNativeTarget section */

/* Begin PBXProject section */
		8F2CAD622A77CDAB00C930C9 /* Project object */ = {
			isa = PBXProject;
			attributes = {
				BuildIndependentTargetsInParallel = 1;
				LastUpgradeCheck = 1500;
				TargetAttributes = {
					8F2CAD692A77CDAB00C930C9 = {
						CreatedOnToolsVersion = 15.0;
					};
				};
			};
			buildConfigurationList = 8F2CAD652A77CDAB00C930C9 /* Build configuration list for PBXProject "To do list objc" */;
			compatibilityVersion = "Xcode 14.0";
			developmentRegion = en;
			hasScannedForEncodings = 0;
			knownRegions = (
				en,
				Base,
			);
			mainGroup = 8F2CAD612A77CDAB00C930C9;
			productRefGroup = 8F2CAD6B2A77CDAB00C930C9 /* Products */;
			projectDirPath = "";
			projectRoot = "";
			targets = (
				8F2CAD692A77CDAB00C930C9 /* To do list objc */,
			);
		};
/* End PBXProject section */

/* Begin PBXResourcesBuildPhase section */
		8F2CAD682A77CDAB00C930C9 /* Resources */ = {
			isa = PBXResourcesBuildPhase;
			buildActionMask = 2147483647;
			files = (
				8F2CAD7D2A77CDAC00C930C9 /* LaunchScreen.storyboard in Resources */,
				8F2CAD7A2A77CDAC00C930C9 /* Assets.xcassets in Resources */,
			);
			runOnlyForDeploymentPostprocessing = 0;
		};
/* End PBXResourcesBuildPhase section */

/* Begin PBXVariantGroup section */
		8F2CAD7B2A77CDAC00C930C9 /* LaunchScreen.storyboard */ = {
			isa = PBXVariantGroup;
			children = (
				8F2CAD7C2A77CDAC00C930C9 /* Base */,
			);
			name = LaunchScreen.storyboard;
			sourceTree = "<group>";
		};
/* End PBXVariantGroup section */

/* Begin XCBuildConfiguration section */
		8F2CAD812A77CDAC00C930C9 /* Debug */ = {
			isa = XCBuildConfiguration;
			buildSettings = {
				ALWAYS_SEARCH_USER_PATHS = NO;
				ASSETCATALOG_COMPILER_GENERATE_SWIFT_ASSET_SYMBOL_EXTENSIONS = YES;
				CLANG_ANALYZER_NONNULL = YES;
				CLANG_ANALYZER_NUMBER_OBJECT_CONVERSION = YES_AGGRESSIVE;
				CLANG_CXX_LANGUAGE_STANDARD = "gnu++20";
				CLANG_ENABLE_MODULES = YES;
				CLANG_ENABLE_OBJC_ARC = YES;
				CLANG_ENABLE_OBJC_WEAK = YES;
				CLANG_WARN_BLOCK_CAPTURE_AUTORELEASING = YES;
				CLANG_WARN_BOOL_CONVERSION = YES;
				CLANG_WARN_COMMA = YES;
				CLANG_WARN_CONSTANT_CONVERSION = YES;
				CLANG_WARN_DEPRECATED_OBJC_IMPLEMENTATIONS = YES;
				CLANG_WARN_DIRECT_OBJC_ISA_USAGE = YES_ERROR;
				CLANG_WARN_DOCUMENTATION_COMMENTS = YES;
				CLANG_WARN_EMPTY_BODY = YES;
				CLANG_WARN_ENUM_CONVERSION = YES;
				CLANG_WARN_INFINITE_RECURSION = YES;
				CLANG_WARN_INT_CONVERSION = YES;
				CLANG_WARN_NON_LITERAL_NULL_CONVERSION = YES;
				CLANG_WARN_OBJC_IMPLICIT_RETAIN_SELF = YES;
				CLANG_WARN_OBJC_LITERAL_CONVERSION = YES;
				CLANG_WARN_OBJC_ROOT_CLASS = YES_ERROR;
				CLANG_WARN_QUOTED_INCLUDE_IN_FRAMEWORK_HEADER = YES;
				CLANG_WARN_RANGE_LOOP_ANALYSIS = YES;
				CLANG_WARN_STRICT_PROTOTYPES = YES;
				CLANG_WARN_SUSPICIOUS_MOVE = YES;
				CLANG_WARN_UNGUARDED_AVAILABILITY = YES_AGGRESSIVE;
				CLANG_WARN_UNREACHABLE_CODE = YES;
				CLANG_WARN__DUPLICATE_METHOD_MATCH = YES;
				COPY_PHASE_STRIP = NO;
				DEBUG_INFORMATION_FORMAT = dwarf;
				ENABLE_STRICT_OBJC_MSGSEND = YES;
				ENABLE_TESTABILITY = YES;
				ENABLE_USER_SCRIPT_SANDBOXING = YES;
				GCC_C_LANGUAGE_STANDARD = gnu17;
				GCC_DYNAMIC_NO_PIC = NO;
				GCC_NO_COMMON_BLOCKS = YES;
				GCC_OPTIMIZATION_LEVEL = 0;
				GCC_PREPROCESSOR_DEFINITIONS = (
					"DEBUG=1",
					"$(inherited)",
				);
				GCC_WARN_64_TO_32_BIT_CONVERSION = YES;
				GCC_WARN_ABOUT_RETURN_TYPE = YES_ERROR;
				GCC_WARN_UNDECLARED_SELECTOR = YES;
				GCC_WARN_UNINITIALIZED_AUTOS = YES_AGGRESSIVE;
				GCC_WARN_UNUSED_FUNCTION = YES;
				GCC_WARN_UNUSED_VARIABLE = YES;
				IPHONEOS_DEPLOYMENT_TARGET = 17.0;
				LOCALIZATION_PREFERS_STRING_CATALOGS = YES;
				MTL_ENABLE_DEBUG_INFO = INCLUDE_SOURCE;
				MTL_FAST_MATH = YES;
				ONLY_ACTIVE_ARCH = YES;
				SDKROOT = iphoneos;
			};
			name = Debug;
		};
		8F2CAD822A77CDAC00C930C9 /* Release */ = {
			isa = XCBuildConfiguration;
			buildSettings = {
				ALWAYS_SEARCH_USER_PATHS = NO;
				ASSETCATALOG_COMPILER_GENERATE_SWIFT_ASSET_SYMBOL_EXTENSIONS = YES;
				CLANG_ANALYZER_NONNULL = YES;
				CLANG_ANALYZER_NUMBER_OBJECT_CONVERSION = YES_AGGRESSIVE;
				CLANG_CXX_LANGUAGE_STANDARD = "gnu++20";
				CLANG_ENABLE_MODULES = YES;
				CLANG_ENABLE_OBJC_ARC = YES;
				CLANG_ENABLE_OBJC_WEAK = YES;
				CLANG_WARN_BLOCK_CAPTURE_AUTORELEASING = YES;
				CLANG_WARN_BOOL_CONVERSION = YES;
				CLANG_WARN_COMMA = YES;
				CLANG_WARN_CONSTANT_CONVERSION = YES;
				CLANG_WARN_DEPRECATED_OBJC_IMPLEMENTATIONS = YES;
				CLANG_WARN_DIRECT_OBJC_ISA_USAGE = YES_ERROR;
				CLANG_WARN_DOCUMENTATION_COMMENTS = YES;
				CLANG_WARN_EMPTY_BODY = YES;
				CLANG_WARN_ENUM_CONVERSION = YES;
				CLANG_WARN_INFINITE_RECURSION = YES;
				CLANG_WARN_INT_CONVERSION = YES;
				CLANG_WARN_NON_LITERAL_NULL_CONVERSION = YES;
				CLANG_WARN_OBJC_IMPLICIT_RETAIN_SELF = YES;
				CLANG_WARN_OBJC_LITERAL_CONVERSION = YES;
				CLANG_WARN_OBJC_ROOT_CLASS = YES_ERROR;
				CLANG_WARN_QUOTED_INCLUDE_IN_FRAMEWORK_HEADER = YES;
				CLANG_WARN_RANGE_LOOP_ANALYSIS = YES;
				CLANG_WARN_STRICT_PROTOTYPES = YES;
				CLANG_WARN_SUSPICIOUS_MOVE = YES;
				CLANG_WARN_UNGUARDED_AVAILABILITY = YES_AGGRESSIVE;
				CLANG_WARN_UNREACHABLE_CODE = YES;
				CLANG_WARN__DUPLICATE_METHOD_MATCH = YES;
				COPY_PHASE_STRIP = NO;
				DEBUG_INFORMATION_FORMAT = "dwarf-with-dsym";
				ENABLE_NS_ASSERTIONS = NO;
				ENABLE_STRICT_OBJC_MSGSEND = YES;
				ENABLE_USER_SCRIPT_SANDBOXING = YES;
				GCC_C_LANGUAGE_STANDARD = gnu17;
				GCC_NO_COMMON_BLOCKS = YES;
				GCC_WARN_64_TO_32_BIT_CONVERSION = YES;
				GCC_WARN_ABOUT_RETURN_TYPE = YES_ERROR;
				GCC_WARN_UNDECLARED_SELECTOR = YES;
				GCC_WARN_UNINITIALIZED_AUTOS = YES_AGGRESSIVE;
				GCC_WARN_UNUSED_FUNCTION = YES;
				GCC_WARN_UNUSED_VARIABLE = YES;
				IPHONEOS_DEPLOYMENT_TARGET = 17.0;
				LOCALIZATION_PREFERS_STRING_CATALOGS = YES;
				MTL_ENABLE_DEBUG_INFO = NO;
				MTL_FAST_MATH = YES;
				SDKROOT = iphoneos;
				VALIDATE_PRODUCT = YES;
			};
			name = Release;
		};
		8F2CAD842A77CDAC00C930C9 /* Debug */ = {
			isa = XCBuildConfiguration;
			buildSettings = {
				ASSETCATALOG_COMPILER_APPICON_NAME = AppIcon;
				ASSETCATALOG_COMPILER_GLOBAL_ACCENT_COLOR_NAME = AccentColor;
				CODE_SIGN_STYLE = Automatic;
				CURRENT_PROJECT_VERSION = 1;
				DEVELOPMENT_TEAM = 3Q2GL54W3S;
				GENERATE_INFOPLIST_FILE = YES;
				INFOPLIST_FILE = "To do list objc/Info.plist";
				INFOPLIST_KEY_UIApplicationSupportsIndirectInputEvents = YES;
				INFOPLIST_KEY_UILaunchStoryboardName = LaunchScreen;
				INFOPLIST_KEY_UISupportedInterfaceOrientations_iPad = "UIInterfaceOrientationPortrait UIInterfaceOrientationPortraitUpsideDown UIInterfaceOrientationLandscapeLeft UIInterfaceOrientationLandscapeRight";
				INFOPLIST_KEY_UISupportedInterfaceOrientations_iPhone = "UIInterfaceOrientationPortrait UIInterfaceOrientationLandscapeLeft UIInterfaceOrientationLandscapeRight";
				LD_RUNPATH_SEARCH_PATHS = (
					"$(inherited)",
					"@executable_path/Frameworks",
				);
				MARKETING_VERSION = 1.0;
				PRODUCT_BUNDLE_IDENTIFIER = "dev.To-do-list-objc";
				PRODUCT_NAME = "$(TARGET_NAME)";
				SWIFT_EMIT_LOC_STRINGS = YES;
				TARGETED_DEVICE_FAMILY = "1,2";
			};
			name = Debug;
		};
		8F2CAD852A77CDAC00C930C9 /* Release */ = {
			isa = XCBuildConfiguration;
			buildSettings = {
				ASSETCATALOG_COMPILER_APPICON_NAME = AppIcon;
				ASSETCATALOG_COMPILER_GLOBAL_ACCENT_COLOR_NAME = AccentColor;
				CODE_SIGN_STYLE = Automatic;
				CURRENT_PROJECT_VERSION = 1;
				DEVELOPMENT_TEAM = 3Q2GL54W3S;
				GENERATE_INFOPLIST_FILE = YES;
				INFOPLIST_FILE = "To do list objc/Info.plist";
				INFOPLIST_KEY_UIApplicationSupportsIndirectInputEvents = YES;
				INFOPLIST_KEY_UILaunchStoryboardName = LaunchScreen;
				INFOPLIST_KEY_UISupportedInterfaceOrientations_iPad = "UIInterfaceOrientationPortrait UIInterfaceOrientationPortraitUpsideDown UIInterfaceOrientationLandscapeLeft UIInterfaceOrientationLandscapeRight";
				INFOPLIST_KEY_UISupportedInterfaceOrientations_iPhone = "UIInterfaceOrientationPortrait UIInterfaceOrientationLandscapeLeft UIInterfaceOrientationLandscapeRight";
				LD_RUNPATH_SEARCH_PATHS = (
					"$(inherited)",
					"@executable_path/Frameworks",
				);
				MARKETING_VERSION = 1.0;
				PRODUCT_BUNDLE_IDENTIFIER = "dev.To-do-list-objc";
				PRODUCT_NAME = "$(TARGET_NAME)";
				SWIFT_EMIT_LOC_STRINGS = YES;
				TARGETED_DEVICE_FAMILY = "1,2";
			};
			name = Release;
		};
/* End XCBuildConfiguration section */

/* Begin XCConfigurationList section */
		8F2CAD652A77CDAB00C930C9 /* Build configuration list for PBXProject "To do list objc" */ = {
			isa = XCConfigurationList;
			buildConfigurations = (
				8F2CAD812A77CDAC00C930C9 /* Debug */,
				8F2CAD822A77CDAC00C930C9 /* Release */,
			);
			defaultConfigurationIsVisible = 0;
			defaultConfigurationName = Release;
		};
		8F2CAD832A77CDAC00C930C9 /* Build configuration list for PBXNativeTarget "To do list objc" */ = {
			isa = XCConfigurationList;
			buildConfigurations = (
				8F2CAD842A77CDAC00C930C9 /* Debug */,
				8F2CAD852A77CDAC00C930C9 /* Release */,
			);
			defaultConfigurationIsVisible = 0;
			defaultConfigurationName = Release;
		};
/* End XCConfigurationList section */
	};
	rootObject = 8F2CAD622A77CDAB00C930C9 /* Project object */;
}
